
Microsoft Visual Studio Solution File, Format Version 12.00
# Visual Studio Version 17
VisualStudioVersion = 17.14.36429.23 d17.14
MinimumVisualStudioVersion = 10.0.40219.1
Project("{FAE04EC0-301F-11D3-BF4B-00C04F79EFBC}") = "Ecom.Api", "Ecom.Api\Ecom.Api.csproj", "{26A703D7-24F6-47AD-85AB-4BE1972D1B86}"
EndProject
Global
	GlobalSection(SolutionConfigurationPlatforms) = preSolution
		Debug|Any CPU = Debug|Any CPU
		Release|Any CPU = Release|Any CPU
	EndGlobalSection
	GlobalSection(ProjectConfigurationPlatforms) = postSolution
		{26A703D7-24F6-47AD-85AB-4BE1972D1B86}.Debug|Any CPU.ActiveCfg = Debug|Any CPU
		{26A703D7-24F6-47AD-85AB-4BE1972D1B86}.Debug|Any CPU.Build.0 = Debug|Any CPU
		{26A703D7-24F6-47AD-85AB-4BE1972D1B86}.Release|Any CPU.ActiveCfg = Release|Any CPU
		{26A703D7-24F6-47AD-85AB-4BE1972D1B86}.Release|Any CPU.Build.0 = Release|Any CPU
	EndGlobalSection
	GlobalSection(SolutionProperties) = preSolution
		HideSolutionNode = FALSE
	EndGlobalSection
	GlobalSection(ExtensibilityGlobals) = postSolution
		SolutionGuid = {3E23862D-640C-4275-B635-D31C76C97BC9}
	EndGlobalSection
EndGlobal
